
Microsoft Visual Studio Solution File, Format Version 12.00
# Visual Studio Version 17
VisualStudioVersion = 17.4.33213.308
MinimumVisualStudioVersion = 10.0.40219.1
Project("{FAE04EC0-301F-11D3-BF4B-00C04F79EFBC}") = "Cronometro", "Cronometro\Cronometro.csproj", "{6FAABEAD-A4B9-4A6A-B2EB-E0F0768C606F}"
EndProject
Global
	GlobalSection(SolutionConfigurationPlatforms) = preSolution
		Debug|Any CPU = Debug|Any CPU
		Release|Any CPU = Release|Any CPU
	EndGlobalSection
	GlobalSection(ProjectConfigurationPlatforms) = postSolution
		{6FAABEAD-A4B9-4A6A-B2EB-E0F0768C606F}.Debug|Any CPU.ActiveCfg = Debug|Any CPU
		{6FAABEAD-A4B9-4A6A-B2EB-E0F0768C606F}.Debug|Any CPU.Build.0 = Debug|Any CPU
		{6FAABEAD-A4B9-4A6A-B2EB-E0F0768C606F}.Release|Any CPU.ActiveCfg = Release|Any CPU
		{6FAABEAD-A4B9-4A6A-B2EB-E0F0768C606F}.Release|Any CPU.Build.0 = Release|Any CPU
	EndGlobalSection
	GlobalSection(SolutionProperties) = preSolution
		HideSolutionNode = FALSE
	EndGlobalSection
	GlobalSection(ExtensibilityGlobals) = postSolution
		SolutionGuid = {4261C8CE-FD54-4048-9D0D-910B9FB75777}
	EndGlobalSection
EndGlobal
